
Microsoft Visual Studio Solution File, Format Version 12.00
# Visual Studio Version 17
VisualStudioVersion = 17.7.34024.191
MinimumVisualStudioVersion = 10.0.40219.1
Project("{888888A0-9F3D-457C-B088-3A5042F75D52}") = "Blackjack", "Blackjack\Blackjack.pyproj", "{F157D94F-58E4-4104-BD7B-75DFBA877916}"
EndProject
Global
	GlobalSection(SolutionConfigurationPlatforms) = preSolution
		Debug|Any CPU = Debug|Any CPU
		Release|Any CPU = Release|Any CPU
	EndGlobalSection
	GlobalSection(ProjectConfigurationPlatforms) = postSolution
		{F157D94F-58E4-4104-BD7B-75DFBA877916}.Debug|Any CPU.ActiveCfg = Debug|Any CPU
		{F157D94F-58E4-4104-BD7B-75DFBA877916}.Release|Any CPU.ActiveCfg = Release|Any CPU
	EndGlobalSection
	GlobalSection(SolutionProperties) = preSolution
		HideSolutionNode = FALSE
	EndGlobalSection
	GlobalSection(ExtensibilityGlobals) = postSolution
		SolutionGuid = {FA4371B7-2677-4F77-A622-17A3332CAAFD}
	EndGlobalSection
EndGlobal
